
Microsoft Visual Studio Solution File, Format Version 12.00
# Visual Studio Version 16
VisualStudioVersion = 16.0.29025.244
MinimumVisualStudioVersion = 10.0.40219.1
Project("{FAE04EC0-301F-11D3-BF4B-00C04F79EFBC}") = "CharacterCopierKata.Source", "CharacterCopierKata.Source\CharacterCopierKata.Source.csproj", "{39CA4036-DC63-4CEE-AF79-5E6FB3375481}"
EndProject
Project("{FAE04EC0-301F-11D3-BF4B-00C04F79EFBC}") = "CharacterCopierKata.Test", "CharacterCopierKata.Test\CharacterCopierKata.Test.csproj", "{C5A39B81-6877-4529-9DD6-957786DE9F3D}"
EndProject
Global
	GlobalSection(SolutionConfigurationPlatforms) = preSolution
		Debug|Any CPU = Debug|Any CPU
		Release|Any CPU = Release|Any CPU
	EndGlobalSection
	GlobalSection(ProjectConfigurationPlatforms) = postSolution
		{39CA4036-DC63-4CEE-AF79-5E6FB3375481}.Debug|Any CPU.ActiveCfg = Debug|Any CPU
		{39CA4036-DC63-4CEE-AF79-5E6FB3375481}.Debug|Any CPU.Build.0 = Debug|Any CPU
		{39CA4036-DC63-4CEE-AF79-5E6FB3375481}.Release|Any CPU.ActiveCfg = Release|Any CPU
		{39CA4036-DC63-4CEE-AF79-5E6FB3375481}.Release|Any CPU.Build.0 = Release|Any CPU
		{C5A39B81-6877-4529-9DD6-957786DE9F3D}.Debug|Any CPU.ActiveCfg = Debug|Any CPU
		{C5A39B81-6877-4529-9DD6-957786DE9F3D}.Debug|Any CPU.Build.0 = Debug|Any CPU
		{C5A39B81-6877-4529-9DD6-957786DE9F3D}.Release|Any CPU.ActiveCfg = Release|Any CPU
		{C5A39B81-6877-4529-9DD6-957786DE9F3D}.Release|Any CPU.Build.0 = Release|Any CPU
	EndGlobalSection
	GlobalSection(SolutionProperties) = preSolution
		HideSolutionNode = FALSE
	EndGlobalSection
	GlobalSection(ExtensibilityGlobals) = postSolution
		SolutionGuid = {57B16264-071D-4C6B-88A5-3826DDC211C1}
	EndGlobalSection
EndGlobal
